
Microsoft Visual Studio Solution File, Format Version 12.00
# Visual Studio Version 17
VisualStudioVersion = 17.10.35122.118
MinimumVisualStudioVersion = 10.0.40219.1
Project("{FAE04EC0-301F-11D3-BF4B-00C04F79EFBC}") = "Custom Controls", "Custom Controls\Custom Controls.csproj", "{32D83139-2436-4F60-A71F-67424C2FDFF7}"
EndProject
Global
	GlobalSection(SolutionConfigurationPlatforms) = preSolution
		Debug|Any CPU = Debug|Any CPU
		Release|Any CPU = Release|Any CPU
	EndGlobalSection
	GlobalSection(ProjectConfigurationPlatforms) = postSolution
		{32D83139-2436-4F60-A71F-67424C2FDFF7}.Debug|Any CPU.ActiveCfg = Debug|Any CPU
		{32D83139-2436-4F60-A71F-67424C2FDFF7}.Debug|Any CPU.Build.0 = Debug|Any CPU
		{32D83139-2436-4F60-A71F-67424C2FDFF7}.Release|Any CPU.ActiveCfg = Release|Any CPU
		{32D83139-2436-4F60-A71F-67424C2FDFF7}.Release|Any CPU.Build.0 = Release|Any CPU
	EndGlobalSection
	GlobalSection(SolutionProperties) = preSolution
		HideSolutionNode = FALSE
	EndGlobalSection
	GlobalSection(ExtensibilityGlobals) = postSolution
		SolutionGuid = {28A9DADE-CAF4-4447-96F2-5A148C2C5D9A}
	EndGlobalSection
EndGlobal
